<?xml version="1.0" encoding="utf-8"?>
<Project ToolsVersion="4.0" xmlns="http://schemas.microsoft.com/developer/msbuild/2003">
  <ItemGroup>
    <Filter Include="Source Files">
      <UniqueIdentifier>{4FC737F1-C7A5-4376-A066-2A32D752A2FF}</UniqueIdentifier>
      <Extensions>cpp;c;cc;cxx;c++;cppm;ixx;def;odl;idl;hpj;bat;asm;asmx</Extensions>
    </Filter>
    <Filter Include="Header Files">
      <UniqueIdentifier>{93995380-89BD-4b04-88EB-625FBE52EBFB}</UniqueIdentifier>
      <Extensions>h;hh;hpp;hxx;h++;hm;inl;inc;ipp;xsd</Extensions>
    </Filter>
    <Filter Include="Resource Files">
      <UniqueIdentifier>{67DA6AB6-F800-4c08-8B7A-83BB121AAD01}</UniqueIdentifier>
      <Extensions>rc;ico;cur;bmp;dlg;rc2;rct;bin;rgs;gif;jpg;jpeg;jpe;resx;tiff;tif;png;wav;mfcribbon-ms</Extensions>
    </Filter>
    <Filter Include="Main">
      <UniqueIdentifier>{ba06f26b-466f-448b-9030-b3582a285f17}</UniqueIdentifier>
    </Filter>
    <Filter Include="Widgets">
      <UniqueIdentifier>{2869b09e-9346-41b6-a94c-5216664f01e5}</UniqueIdentifier>
    </Filter>
  </ItemGroup>
  <ItemGroup>
    <MASM Include="asm_core_functions.asm">
      <Filter>Source Files</Filter>
    </MASM>
  </ItemGroup>
  <ItemGroup>
    <ClCompile Include="Main.cpp">
      <Filter>Main</Filter>
    </ClCompile>
    <ClCompile Include="YFilePanel.cpp">
      <Filter>Widgets</Filter>
    </ClCompile>
    <ClCompile Include="YApplication.cpp">
      <Filter>Source Files</Filter>
    </ClCompile>
    <ClCompile Include="YFile.cpp">
      <Filter>Widgets</Filter>
    </ClCompile>
    <ClCompile Include="BaseWidget.cpp">
      <Filter>Widgets</Filter>
    </ClCompile>
    <ClCompile Include="BaseButton.cpp">
      <Filter>Widgets</Filter>
    </ClCompile>
    <ClCompile Include="YObserver.cpp">
      <Filter>Widgets</Filter>
    </ClCompile>
    <ClCompile Include="YNotifier.cpp">
      <Filter>Widgets</Filter>
    </ClCompile>
    <ClCompile Include="YButton.cpp">
      <Filter>Widgets</Filter>
    </ClCompile>
    <ClCompile Include="NotImplementedException.cpp">
      <Filter>Source Files</Filter>
    </ClCompile>
    <ClCompile Include="YChangeDriveModal.cpp">
      <Filter>Widgets</Filter>
    </ClCompile>
  </ItemGroup>
  <ItemGroup>
    <ClInclude Include="YFilePanel.h">
      <Filter>Header Files</Filter>
    </ClInclude>
    <ClInclude Include="Main.h">
      <Filter>Main</Filter>
    </ClInclude>
    <ClInclude Include="BaseWidget.h">
      <Filter>Header Files</Filter>
    </ClInclude>
    <ClInclude Include="YApplication.h">
      <Filter>Header Files</Filter>
    </ClInclude>
    <ClInclude Include="YFile.h">
      <Filter>Header Files</Filter>
    </ClInclude>
    <ClInclude Include="BaseButton.h">
      <Filter>Header Files</Filter>
    </ClInclude>
    <ClInclude Include="YObserver.h">
      <Filter>Header Files</Filter>
    </ClInclude>
    <ClInclude Include="YNotifier.h">
      <Filter>Header Files</Filter>
    </ClInclude>
    <ClInclude Include="YButton.h">
      <Filter>Header Files</Filter>
    </ClInclude>
    <ClInclude Include="NotImplementedException.h">
      <Filter>Header Files</Filter>
    </ClInclude>
    <ClInclude Include="YChangeDriveModal.h">
      <Filter>Header Files</Filter>
    </ClInclude>
  </ItemGroup>
</Project>